
Microsoft Visual Studio Solution File, Format Version 12.00
# Visual Studio Version 17
VisualStudioVersion = 17.5.33414.496
MinimumVisualStudioVersion = 10.0.40219.1
Project("{FAE04EC0-301F-11D3-BF4B-00C04F79EFBC}") = "SwiftAPI", "SwiftAPI.csproj", "{1EEFBA97-F652-4A96-AE38-BF06C6FB7778}"
EndProject
Global
	GlobalSection(SolutionConfigurationPlatforms) = preSolution
		Debug|Any CPU = Debug|Any CPU
		Release|Any CPU = Release|Any CPU
	EndGlobalSection
	GlobalSection(ProjectConfigurationPlatforms) = postSolution
		{1EEFBA97-F652-4A96-AE38-BF06C6FB7778}.Debug|Any CPU.ActiveCfg = Debug|Any CPU
		{1EEFBA97-F652-4A96-AE38-BF06C6FB7778}.Debug|Any CPU.Build.0 = Debug|Any CPU
		{1EEFBA97-F652-4A96-AE38-BF06C6FB7778}.Release|Any CPU.ActiveCfg = Release|Any CPU
		{1EEFBA97-F652-4A96-AE38-BF06C6FB7778}.Release|Any CPU.Build.0 = Release|Any CPU
	EndGlobalSection
	GlobalSection(SolutionProperties) = preSolution
		HideSolutionNode = FALSE
	EndGlobalSection
	GlobalSection(ExtensibilityGlobals) = postSolution
		SolutionGuid = {FDACAD8F-025F-4F92-A6E4-B20D0B3D683E}
	EndGlobalSection
EndGlobal
